// !$*UTF8*$!
{
	archiveVersion = 1;
	classes = {
	};
	objectVersion = 46;
	objects = {

/* Begin PBXBuildFile section */
		F7BD92011DBBD8DB00D774D2 /* AppDelegate.swift in Sources */ = {isa = PBXBuildFile; fileRef = F7BD92001DBBD8DB00D774D2 /* AppDelegate.swift */; };
		F7BD92031DBBD8DB00D774D2 /* ViewController.swift in Sources */ = {isa = PBXBuildFile; fileRef = F7BD92021DBBD8DB00D774D2 /* ViewController.swift */; };
		F7BD92061DBBD8DB00D774D2 /* Main.storyboard in Resources */ = {isa = PBXBuildFile; fileRef = F7BD92041DBBD8DB00D774D2 /* Main.storyboard */; };
		F7BD92091DBBD8DB00D774D2 /* PokeDex3.xcdatamodeld in Sources */ = {isa = PBXBuildFile; fileRef = F7BD92071DBBD8DB00D774D2 /* PokeDex3.xcdatamodeld */; };
		F7BD920B1DBBD8DB00D774D2 /* Assets.xcassets in Resources */ = {isa = PBXBuildFile; fileRef = F7BD920A1DBBD8DB00D774D2 /* Assets.xcassets */; };
		F7BD920E1DBBD8DB00D774D2 /* LaunchScreen.storyboard in Resources */ = {isa = PBXBuildFile; fileRef = F7BD920C1DBBD8DB00D774D2 /* LaunchScreen.storyboard */; };
		F7BD92191DBBD8DB00D774D2 /* PokeDex3Tests.swift in Sources */ = {isa = PBXBuildFile; fileRef = F7BD92181DBBD8DB00D774D2 /* PokeDex3Tests.swift */; };
		F7BD92241DBBD8DB00D774D2 /* PokeDex3UITests.swift in Sources */ = {isa = PBXBuildFile; fileRef = F7BD92231DBBD8DB00D774D2 /* PokeDex3UITests.swift */; };
		F7BD92321DBBDD0800D774D2 /* pokemon.csv in Resources */ = {isa = PBXBuildFile; fileRef = F7BD92311DBBDD0800D774D2 /* pokemon.csv */; };
/* End PBXBuildFile section */

/* Begin PBXContainerItemProxy section */
		F7BD92151DBBD8DB00D774D2 /* PBXContainerItemProxy */ = {
			isa = PBXContainerItemProxy;
			containerPortal = F7BD91F51DBBD8DB00D774D2 /* Project object */;
			proxyType = 1;
			remoteGlobalIDString = F7BD91FC1DBBD8DB00D774D2;
			remoteInfo = PokeDex3;
		};
		F7BD92201DBBD8DB00D774D2 /* PBXContainerItemProxy */ = {
			isa = PBXContainerItemProxy;
			containerPortal = F7BD91F51DBBD8DB00D774D2 /* Project object */;
			proxyType = 1;
			remoteGlobalIDString = F7BD91FC1DBBD8DB00D774D2;
			remoteInfo = PokeDex3;
		};
/* End PBXContainerItemProxy section */

/* Begin PBXFileReference section */
		F7BD91FD1DBBD8DB00D774D2 /* PokeDex3.app */ = {isa = PBXFileReference; explicitFileType = wrapper.application; includeInIndex = 0; path = PokeDex3.app; sourceTree = BUILT_PRODUCTS_DIR; };
		F7BD92001DBBD8DB00D774D2 /* AppDelegate.swift */ = {isa = PBXFileReference; lastKnownFileType = sourcecode.swift; path = AppDelegate.swift; sourceTree = "<group>"; };
		F7BD92021DBBD8DB00D774D2 /* ViewController.swift */ = {isa = PBXFileReference; lastKnownFileType = sourcecode.swift; path = ViewController.swift; sourceTree = "<group>"; };
		F7BD92051DBBD8DB00D774D2 /* Base */ = {isa = PBXFileReference; lastKnownFileType = file.storyboard; name = Base; path = Base.lproj/Main.storyboard; sourceTree = "<group>"; };
		F7BD92081DBBD8DB00D774D2 /* PokeDex3.xcdatamodel */ = {isa = PBXFileReference; lastKnownFileType = wrapper.xcdatamodel; path = PokeDex3.xcdatamodel; sourceTree = "<group>"; };
		F7BD920A1DBBD8DB00D774D2 /* Assets.xcassets */ = {isa = PBXFileReference; lastKnownFileType = folder.assetcatalog; path = Assets.xcassets; sourceTree = "<group>"; };
		F7BD920D1DBBD8DB00D774D2 /* Base */ = {isa = PBXFileReference; lastKnownFileType = file.storyboard; name = Base; path = Base.lproj/LaunchScreen.storyboard; sourceTree = "<group>"; };
		F7BD920F1DBBD8DB00D774D2 /* Info.plist */ = {isa = PBXFileReference; lastKnownFileType = text.plist.xml; path = Info.plist; sourceTree = "<group>"; };
		F7BD92141DBBD8DB00D774D2 /* PokeDex3Tests.xctest */ = {isa = PBXFileReference; explicitFileType = wrapper.cfbundle; includeInIndex = 0; path = PokeDex3Tests.xctest; sourceTree = BUILT_PRODUCTS_DIR; };
		F7BD92181DBBD8DB00D774D2 /* PokeDex3Tests.swift */ = {isa = PBXFileReference; lastKnownFileType = sourcecode.swift; path = PokeDex3Tests.swift; sourceTree = "<group>"; };
		F7BD921A1DBBD8DB00D774D2 /* Info.plist */ = {isa = PBXFileReference; lastKnownFileType = text.plist.xml; path = Info.plist; sourceTree = "<group>"; };
		F7BD921F1DBBD8DB00D774D2 /* PokeDex3UITests.xctest */ = {isa = PBXFileReference; explicitFileType = wrapper.cfbundle; includeInIndex = 0; path = PokeDex3UITests.xctest; sourceTree = BUILT_PRODUCTS_DIR; };
		F7BD92231DBBD8DB00D774D2 /* PokeDex3UITests.swift */ = {isa = PBXFileReference; lastKnownFileType = sourcecode.swift; path = PokeDex3UITests.swift; sourceTree = "<group>"; };
		F7BD92251DBBD8DB00D774D2 /* Info.plist */ = {isa = PBXFileReference; lastKnownFileType = text.plist.xml; path = Info.plist; sourceTree = "<group>"; };
		F7BD92311DBBDD0800D774D2 /* pokemon.csv */ = {isa = PBXFileReference; fileEncoding = 4; lastKnownFileType = text; path = pokemon.csv; sourceTree = "<group>"; };
/* End PBXFileReference section */

/* Begin PBXFrameworksBuildPhase section */
		F7BD91FA1DBBD8DB00D774D2 /* Frameworks */ = {
			isa = PBXFrameworksBuildPhase;
			buildActionMask = 2147483647;
			files = (
			);
			runOnlyForDeploymentPostprocessing = 0;
		};
		F7BD92111DBBD8DB00D774D2 /* Frameworks */ = {
			isa = PBXFrameworksBuildPhase;
			buildActionMask = 2147483647;
			files = (
			);
			runOnlyForDeploymentPostprocessing = 0;
		};
		F7BD921C1DBBD8DB00D774D2 /* Frameworks */ = {
			isa = PBXFrameworksBuildPhase;
			buildActionMask = 2147483647;
			files = (
			);
			runOnlyForDeploymentPostprocessing = 0;
		};
/* End PBXFrameworksBuildPhase section */

/* Begin PBXGroup section */
		F7BD91F41DBBD8DB00D774D2 = {
			isa = PBXGroup;
			children = (
				F7BD91FF1DBBD8DB00D774D2 /* PokeDex3 */,
				F7BD92171DBBD8DB00D774D2 /* PokeDex3Tests */,
				F7BD92221DBBD8DB00D774D2 /* PokeDex3UITests */,
				F7BD91FE1DBBD8DB00D774D2 /* Products */,
			);
			sourceTree = "<group>";
		};
		F7BD91FE1DBBD8DB00D774D2 /* Products */ = {
			isa = PBXGroup;
			children = (
				F7BD91FD1DBBD8DB00D774D2 /* PokeDex3.app */,
				F7BD92141DBBD8DB00D774D2 /* PokeDex3Tests.xctest */,
				F7BD921F1DBBD8DB00D774D2 /* PokeDex3UITests.xctest */,
			);
			name = Products;
			sourceTree = "<group>";
		};
		F7BD91FF1DBBD8DB00D774D2 /* PokeDex3 */ = {
			isa = PBXGroup;
			children = (
				F7BD92001DBBD8DB00D774D2 /* AppDelegate.swift */,
				F7BD92021DBBD8DB00D774D2 /* ViewController.swift */,
				F7BD92041DBBD8DB00D774D2 /* Main.storyboard */,
				F7BD920A1DBBD8DB00D774D2 /* Assets.xcassets */,
				F7BD92311DBBDD0800D774D2 /* pokemon.csv */,
				F7BD920C1DBBD8DB00D774D2 /* LaunchScreen.storyboard */,
				F7BD920F1DBBD8DB00D774D2 /* Info.plist */,
				F7BD92071DBBD8DB00D774D2 /* PokeDex3.xcdatamodeld */,
			);
			path = PokeDex3;
			sourceTree = "<group>";
		};
		F7BD92171DBBD8DB00D774D2 /* PokeDex3Tests */ = {
			isa = PBXGroup;
			children = (
				F7BD92181DBBD8DB00D774D2 /* PokeDex3Tests.swift */,
				F7BD921A1DBBD8DB00D774D2 /* Info.plist */,
			);
			path = PokeDex3Tests;
			sourceTree = "<group>";
		};
		F7BD92221DBBD8DB00D774D2 /* PokeDex3UITests */ = {
			isa = PBXGroup;
			children = (
				F7BD92231DBBD8DB00D774D2 /* PokeDex3UITests.swift */,
				F7BD92251DBBD8DB00D774D2 /* Info.plist */,
			);
			path = PokeDex3UITests;
			sourceTree = "<group>";
		};
/* End PBXGroup section */

/* Begin PBXNativeTarget section */
		F7BD91FC1DBBD8DB00D774D2 /* PokeDex3 */ = {
			isa = PBXNativeTarget;
			buildConfigurationList = F7BD92281DBBD8DB00D774D2 /* Build configuration list for PBXNativeTarget "PokeDex3" */;
			buildPhases = (
				F7BD91F91DBBD8DB00D774D2 /* Sources */,
				F7BD91FA1DBBD8DB00D774D2 /* Frameworks */,
				F7BD91FB1DBBD8DB00D774D2 /* Resources */,
			);
			buildRules = (
			);
			dependencies = (
			);
			name = PokeDex3;
			productName = PokeDex3;
			productReference = F7BD91FD1DBBD8DB00D774D2 /* PokeDex3.app */;
			productType = "com.apple.product-type.application";
		};
		F7BD92131DBBD8DB00D774D2 /* PokeDex3Tests */ = {
			isa = PBXNativeTarget;
			buildConfigurationList = F7BD922B1DBBD8DB00D774D2 /* Build configuration list for PBXNativeTarget "PokeDex3Tests" */;
			buildPhases = (
				F7BD92101DBBD8DB00D774D2 /* Sources */,
				F7BD92111DBBD8DB00D774D2 /* Frameworks */,
				F7BD92121DBBD8DB00D774D2 /* Resources */,
			);
			buildRules = (
			);
			dependencies = (
				F7BD92161DBBD8DB00D774D2 /* PBXTargetDependency */,
			);
			name = PokeDex3Tests;
			productName = PokeDex3Tests;
			productReference = F7BD92141DBBD8DB00D774D2 /* PokeDex3Tests.xctest */;
			productType = "com.apple.product-type.bundle.unit-test";
		};
		F7BD921E1DBBD8DB00D774D2 /* PokeDex3UITests */ = {
			isa = PBXNativeTarget;
			buildConfigurationList = F7BD922E1DBBD8DB00D774D2 /* Build configuration list for PBXNativeTarget "PokeDex3UITests" */;
			buildPhases = (
				F7BD921B1DBBD8DB00D774D2 /* Sources */,
				F7BD921C1DBBD8DB00D774D2 /* Frameworks */,
				F7BD921D1DBBD8DB00D774D2 /* Resources */,
			);
			buildRules = (
			);
			dependencies = (
				F7BD92211DBBD8DB00D774D2 /* PBXTargetDependency */,
			);
			name = PokeDex3UITests;
			productName = PokeDex3UITests;
			productReference = F7BD921F1DBBD8DB00D774D2 /* PokeDex3UITests.xctest */;
			productType = "com.apple.product-type.bundle.ui-testing";
		};
/* End PBXNativeTarget section */

/* Begin PBXProject section */
		F7BD91F51DBBD8DB00D774D2 /* Project object */ = {
			isa = PBXProject;
			attributes = {
				LastSwiftUpdateCheck = 0800;
				LastUpgradeCheck = 0800;
				ORGANIZATIONNAME = "Jeremy Turney";
				TargetAttributes = {
					F7BD91FC1DBBD8DB00D774D2 = {
						CreatedOnToolsVersion = 8.0;
						ProvisioningStyle = Automatic;
					};
					F7BD92131DBBD8DB00D774D2 = {
						CreatedOnToolsVersion = 8.0;
						ProvisioningStyle = Automatic;
						TestTargetID = F7BD91FC1DBBD8DB00D774D2;
					};
					F7BD921E1DBBD8DB00D774D2 = {
						CreatedOnToolsVersion = 8.0;
						ProvisioningStyle = Automatic;
						TestTargetID = F7BD91FC1DBBD8DB00D774D2;
					};
				};
			};
			buildConfigurationList = F7BD91F81DBBD8DB00D774D2 /* Build configuration list for PBXProject "PokeDex3" */;
			compatibilityVersion = "Xcode 3.2";
			developmentRegion = English;
			hasScannedForEncodings = 0;
			knownRegions = (
				en,
				Base,
			);
			mainGroup = F7BD91F41DBBD8DB00D774D2;
			productRefGroup = F7BD91FE1DBBD8DB00D774D2 /* Products */;
			projectDirPath = "";
			projectRoot = "";
			targets = (
				F7BD91FC1DBBD8DB00D774D2 /* PokeDex3 */,
				F7BD92131DBBD8DB00D774D2 /* PokeDex3Tests */,
				F7BD921E1DBBD8DB00D774D2 /* PokeDex3UITests */,
			);
		};
/* End PBXProject section */

/* Begin PBXResourcesBuildPhase section */
		F7BD91FB1DBBD8DB00D774D2 /* Resources */ = {
			isa = PBXResourcesBuildPhase;
			buildActionMask = 2147483647;
			files = (
				F7BD920E1DBBD8DB00D774D2 /* LaunchScreen.storyboard in Resources */,
				F7BD920B1DBBD8DB00D774D2 /* Assets.xcassets in Resources */,
				F7BD92321DBBDD0800D774D2 /* pokemon.csv in Resources */,
				F7BD92061DBBD8DB00D774D2 /* Main.storyboard in Resources */,
			);
			runOnlyForDeploymentPostprocessing = 0;
		};
		F7BD92121DBBD8DB00D774D2 /* Resources */ = {
			isa = PBXResourcesBuildPhase;
			buildActionMask = 2147483647;
			files = (
			);
			runOnlyForDeploymentPostprocessing = 0;
		};
		F7BD921D1DBBD8DB00D774D2 /* Resources */ = {
			isa = PBXResourcesBuildPhase;
			buildActionMask = 2147483647;
			files = (
			);
			runOnlyForDeploymentPostprocessing = 0;
		};
/* End PBXResourcesBuildPhase section */

/* Begin PBXSourcesBuildPhase section */
		F7BD91F91DBBD8DB00D774D2 /* Sources */ = {
			isa = PBXSourcesBuildPhase;
			buildActionMask = 2147483647;
			files = (
				F7BD92091DBBD8DB00D774D2 /* PokeDex3.xcdatamodeld in Sources */,
				F7BD92031DBBD8DB00D774D2 /* ViewController.swift in Sources */,
				F7BD92011DBBD8DB00D774D2 /* AppDelegate.swift in Sources */,
			);
			runOnlyForDeploymentPostprocessing = 0;
		};
		F7BD92101DBBD8DB00D774D2 /* Sources */ = {
			isa = PBXSourcesBuildPhase;
			buildActionMask = 2147483647;
			files = (
				F7BD92191DBBD8DB00D774D2 /* PokeDex3Tests.swift in Sources */,
			);
			runOnlyForDeploymentPostprocessing = 0;
		};
		F7BD921B1DBBD8DB00D774D2 /* Sources */ = {
			isa = PBXSourcesBuildPhase;
			buildActionMask = 2147483647;
			files = (
				F7BD92241DBBD8DB00D774D2 /* PokeDex3UITests.swift in Sources */,
			);
			runOnlyForDeploymentPostprocessing = 0;
		};
/* End PBXSourcesBuildPhase section */

/* Begin PBXTargetDependency section */
		F7BD92161DBBD8DB00D774D2 /* PBXTargetDependency */ = {
			isa = PBXTargetDependency;
			target = F7BD91FC1DBBD8DB00D774D2 /* PokeDex3 */;
			targetProxy = F7BD92151DBBD8DB00D774D2 /* PBXContainerItemProxy */;
		};
		F7BD92211DBBD8DB00D774D2 /* PBXTargetDependency */ = {
			isa = PBXTargetDependency;
			target = F7BD91FC1DBBD8DB00D774D2 /* PokeDex3 */;
			targetProxy = F7BD92201DBBD8DB00D774D2 /* PBXContainerItemProxy */;
		};
/* End PBXTargetDependency section */

/* Begin PBXVariantGroup section */
		F7BD92041DBBD8DB00D774D2 /* Main.storyboard */ = {
			isa = PBXVariantGroup;
			children = (
				F7BD92051DBBD8DB00D774D2 /* Base */,
			);
			name = Main.storyboard;
			sourceTree = "<group>";
		};
		F7BD920C1DBBD8DB00D774D2 /* LaunchScreen.storyboard */ = {
			isa = PBXVariantGroup;
			children = (
				F7BD920D1DBBD8DB00D774D2 /* Base */,
			);
			name = LaunchScreen.storyboard;
			sourceTree = "<group>";
		};
/* End PBXVariantGroup section */

/* Begin XCBuildConfiguration section */
		F7BD92261DBBD8DB00D774D2 /* Debug */ = {
			isa = XCBuildConfiguration;
			buildSettings = {
				ALWAYS_SEARCH_USER_PATHS = NO;
				CLANG_ANALYZER_NONNULL = YES;
				CLANG_CXX_LANGUAGE_STANDARD = "gnu++0x";
				CLANG_CXX_LIBRARY = "libc++";
				CLANG_ENABLE_MODULES = YES;
				CLANG_ENABLE_OBJC_ARC = YES;
				CLANG_WARN_BOOL_CONVERSION = YES;
				CLANG_WARN_CONSTANT_CONVERSION = YES;
				CLANG_WARN_DIRECT_OBJC_ISA_USAGE = YES_ERROR;
				CLANG_WARN_DOCUMENTATION_COMMENTS = YES;
				CLANG_WARN_EMPTY_BODY = YES;
				CLANG_WARN_ENUM_CONVERSION = YES;
				CLANG_WARN_INFINITE_RECURSION = YES;
				CLANG_WARN_INT_CONVERSION = YES;
				CLANG_WARN_OBJC_ROOT_CLASS = YES_ERROR;
				CLANG_WARN_SUSPICIOUS_MOVES = YES;
				CLANG_WARN_UNREACHABLE_CODE = YES;
				CLANG_WARN__DUPLICATE_METHOD_MATCH = YES;
				"CODE_SIGN_IDENTITY[sdk=iphoneos*]" = "iPhone Developer";
				COPY_PHASE_STRIP = NO;
				DEBUG_INFORMATION_FORMAT = dwarf;
				ENABLE_STRICT_OBJC_MSGSEND = YES;
				ENABLE_TESTABILITY = YES;
				GCC_C_LANGUAGE_STANDARD = gnu99;
				GCC_DYNAMIC_NO_PIC = NO;
				GCC_NO_COMMON_BLOCKS = YES;
				GCC_OPTIMIZATION_LEVEL = 0;
				GCC_PREPROCESSOR_DEFINITIONS = (
					"DEBUG=1",
					"$(inherited)",
				);
				GCC_WARN_64_TO_32_BIT_CONVERSION = YES;
				GCC_WARN_ABOUT_RETURN_TYPE = YES_ERROR;
				GCC_WARN_UNDECLARED_SELECTOR = YES;
				GCC_WARN_UNINITIALIZED_AUTOS = YES_AGGRESSIVE;
				GCC_WARN_UNUSED_FUNCTION = YES;
				GCC_WARN_UNUSED_VARIABLE = YES;
				IPHONEOS_DEPLOYMENT_TARGET = 10.0;
				MTL_ENABLE_DEBUG_INFO = YES;
				ONLY_ACTIVE_ARCH = YES;
				SDKROOT = iphoneos;
				SWIFT_ACTIVE_COMPILATION_CONDITIONS = DEBUG;
				SWIFT_OPTIMIZATION_LEVEL = "-Onone";
				TARGETED_DEVICE_FAMILY = "1,2";
			};
			name = Debug;
		};
		F7BD92271DBBD8DB00D774D2 /* Release */ = {
			isa = XCBuildConfiguration;
			buildSettings = {
				ALWAYS_SEARCH_USER_PATHS = NO;
				CLANG_ANALYZER_NONNULL = YES;
				CLANG_CXX_LANGUAGE_STANDARD = "gnu++0x";
				CLANG_CXX_LIBRARY = "libc++";
				CLANG_ENABLE_MODULES = YES;
				CLANG_ENABLE_OBJC_ARC = YES;
				CLANG_WARN_BOOL_CONVERSION = YES;
				CLANG_WARN_CONSTANT_CONVERSION = YES;
				CLANG_WARN_DIRECT_OBJC_ISA_USAGE = YES_ERROR;
				CLANG_WARN_DOCUMENTATION_COMMENTS = YES;
				CLANG_WARN_EMPTY_BODY = YES;
				CLANG_WARN_ENUM_CONVERSION = YES;
				CLANG_WARN_INFINITE_RECURSION = YES;
				CLANG_WARN_INT_CONVERSION = YES;
				CLANG_WARN_OBJC_ROOT_CLASS = YES_ERROR;
				CLANG_WARN_SUSPICIOUS_MOVES = YES;
				CLANG_WARN_UNREACHABLE_CODE = YES;
				CLANG_WARN__DUPLICATE_METHOD_MATCH = YES;
				"CODE_SIGN_IDENTITY[sdk=iphoneos*]" = "iPhone Developer";
				COPY_PHASE_STRIP = NO;
				DEBUG_INFORMATION_FORMAT = "dwarf-with-dsym";
				ENABLE_NS_ASSERTIONS = NO;
				ENABLE_STRICT_OBJC_MSGSEND = YES;
				GCC_C_LANGUAGE_STANDARD = gnu99;
				GCC_NO_COMMON_BLOCKS = YES;
				GCC_WARN_64_TO_32_BIT_CONVERSION = YES;
				GCC_WARN_ABOUT_RETURN_TYPE = YES_ERROR;
				GCC_WARN_UNDECLARED_SELECTOR = YES;
				GCC_WARN_UNINITIALIZED_AUTOS = YES_AGGRESSIVE;
				GCC_WARN_UNUSED_FUNCTION = YES;
				GCC_WARN_UNUSED_VARIABLE = YES;
				IPHONEOS_DEPLOYMENT_TARGET = 10.0;
				MTL_ENABLE_DEBUG_INFO = NO;
				SDKROOT = iphoneos;
				SWIFT_OPTIMIZATION_LEVEL = "-Owholemodule";
				TARGETED_DEVICE_FAMILY = "1,2";
				VALIDATE_PRODUCT = YES;
			};
			name = Release;
		};
		F7BD92291DBBD8DB00D774D2 /* Debug */ = {
			isa = XCBuildConfiguration;
			buildSettings = {
				ASSETCATALOG_COMPILER_APPICON_NAME = AppIcon;
				INFOPLIST_FILE = PokeDex3/Info.plist;
				LD_RUNPATH_SEARCH_PATHS = "$(inherited) @executable_path/Frameworks";
				PRODUCT_BUNDLE_IDENTIFIER = Jeremy.PokeDex3;
				PRODUCT_NAME = "$(TARGET_NAME)";
				SWIFT_VERSION = 3.0;
			};
			name = Debug;
		};
		F7BD922A1DBBD8DB00D774D2 /* Release */ = {
			isa = XCBuildConfiguration;
			buildSettings = {
				ASSETCATALOG_COMPILER_APPICON_NAME = AppIcon;
				INFOPLIST_FILE = PokeDex3/Info.plist;
				LD_RUNPATH_SEARCH_PATHS = "$(inherited) @executable_path/Frameworks";
				PRODUCT_BUNDLE_IDENTIFIER = Jeremy.PokeDex3;
				PRODUCT_NAME = "$(TARGET_NAME)";
				SWIFT_VERSION = 3.0;
			};
			name = Release;
		};
		F7BD922C1DBBD8DB00D774D2 /* Debug */ = {
			isa = XCBuildConfiguration;
			buildSettings = {
				ALWAYS_EMBED_SWIFT_STANDARD_LIBRARIES = YES;
				BUNDLE_LOADER = "$(TEST_HOST)";
				INFOPLIST_FILE = PokeDex3Tests/Info.plist;
				LD_RUNPATH_SEARCH_PATHS = "$(inherited) @executable_path/Frameworks @loader_path/Frameworks";
				PRODUCT_BUNDLE_IDENTIFIER = Jeremy.PokeDex3Tests;
				PRODUCT_NAME = "$(TARGET_NAME)";
				SWIFT_VERSION = 3.0;
				TEST_HOST = "$(BUILT_PRODUCTS_DIR)/PokeDex3.app/PokeDex3";
			};
			name = Debug;
		};
		F7BD922D1DBBD8DB00D774D2 /* Release */ = {
			isa = XCBuildConfiguration;
			buildSettings = {
				ALWAYS_EMBED_SWIFT_STANDARD_LIBRARIES = YES;
				BUNDLE_LOADER = "$(TEST_HOST)";
				INFOPLIST_FILE = PokeDex3Tests/Info.plist;
				LD_RUNPATH_SEARCH_PATHS = "$(inherited) @executable_path/Frameworks @loader_path/Frameworks";
				PRODUCT_BUNDLE_IDENTIFIER = Jeremy.PokeDex3Tests;
				PRODUCT_NAME = "$(TARGET_NAME)";
				SWIFT_VERSION = 3.0;
				TEST_HOST = "$(BUILT_PRODUCTS_DIR)/PokeDex3.app/PokeDex3";
			};
			name = Release;
		};
		F7BD922F1DBBD8DB00D774D2 /* Debug */ = {
			isa = XCBuildConfiguration;
			buildSettings = {
				ALWAYS_EMBED_SWIFT_STANDARD_LIBRARIES = YES;
				INFOPLIST_FILE = PokeDex3UITests/Info.plist;
				LD_RUNPATH_SEARCH_PATHS = "$(inherited) @executable_path/Frameworks @loader_path/Frameworks";
				PRODUCT_BUNDLE_IDENTIFIER = Jeremy.PokeDex3UITests;
				PRODUCT_NAME = "$(TARGET_NAME)";
				SWIFT_VERSION = 3.0;
				TEST_TARGET_NAME = PokeDex3;
			};
			name = Debug;
		};
		F7BD92301DBBD8DB00D774D2 /* Release */ = {
			isa = XCBuildConfiguration;
			buildSettings = {
				ALWAYS_EMBED_SWIFT_STANDARD_LIBRARIES = YES;
				INFOPLIST_FILE = PokeDex3UITests/Info.plist;
				LD_RUNPATH_SEARCH_PATHS = "$(inherited) @executable_path/Frameworks @loader_path/Frameworks";
				PRODUCT_BUNDLE_IDENTIFIER = Jeremy.PokeDex3UITests;
				PRODUCT_NAME = "$(TARGET_NAME)";
				SWIFT_VERSION = 3.0;
				TEST_TARGET_NAME = PokeDex3;
			};
			name = Release;
		};
/* End XCBuildConfiguration section */

/* Begin XCConfigurationList section */
		F7BD91F81DBBD8DB00D774D2 /* Build configuration list for PBXProject "PokeDex3" */ = {
			isa = XCConfigurationList;
			buildConfigurations = (
				F7BD92261DBBD8DB00D774D2 /* Debug */,
				F7BD92271DBBD8DB00D774D2 /* Release */,
			);
			defaultConfigurationIsVisible = 0;
			defaultConfigurationName = Release;
		};
		F7BD92281DBBD8DB00D774D2 /* Build configuration list for PBXNativeTarget "PokeDex3" */ = {
			isa = XCConfigurationList;
			buildConfigurations = (
				F7BD92291DBBD8DB00D774D2 /* Debug */,
				F7BD922A1DBBD8DB00D774D2 /* Release */,
			);
			defaultConfigurationIsVisible = 0;
		};
		F7BD922B1DBBD8DB00D774D2 /* Build configuration list for PBXNativeTarget "PokeDex3Tests" */ = {
			isa = XCConfigurationList;
			buildConfigurations = (
				F7BD922C1DBBD8DB00D774D2 /* Debug */,
				F7BD922D1DBBD8DB00D774D2 /* Release */,
			);
			defaultConfigurationIsVisible = 0;
		};
		F7BD922E1DBBD8DB00D774D2 /* Build configuration list for PBXNativeTarget "PokeDex3UITests" */ = {
			isa = XCConfigurationList;
			buildConfigurations = (
				F7BD922F1DBBD8DB00D774D2 /* Debug */,
				F7BD92301DBBD8DB00D774D2 /* Release */,
			);
			defaultConfigurationIsVisible = 0;
		};
/* End XCConfigurationList section */

/* Begin XCVersionGroup section */
		F7BD92071DBBD8DB00D774D2 /* PokeDex3.xcdatamodeld */ = {
			isa = XCVersionGroup;
			children = (
				F7BD92081DBBD8DB00D774D2 /* PokeDex3.xcdatamodel */,
			);
			currentVersion = F7BD92081DBBD8DB00D774D2 /* PokeDex3.xcdatamodel */;
			path = PokeDex3.xcdatamodeld;
			sourceTree = "<group>";
			versionGroupType = wrapper.xcdatamodel;
		};
/* End XCVersionGroup section */
	};
	rootObject = F7BD91F51DBBD8DB00D774D2 /* Project object */;
}
